
Microsoft Visual Studio Solution File, Format Version 12.00
# Visual Studio 15
VisualStudioVersion = 15.0.27703.2042
MinimumVisualStudioVersion = 10.0.40219.1
Project("{FAE04EC0-301F-11D3-BF4B-00C04F79EFBC}") = "CarDealers", "CarDealers\CarDealers.csproj", "{468BE794-D91F-4871-B28C-A514896515AA}"
EndProject
Global
	GlobalSection(SolutionConfigurationPlatforms) = preSolution
		Debug|Any CPU = Debug|Any CPU
		Release|Any CPU = Release|Any CPU
	EndGlobalSection
	GlobalSection(ProjectConfigurationPlatforms) = postSolution
		{468BE794-D91F-4871-B28C-A514896515AA}.Debug|Any CPU.ActiveCfg = Debug|Any CPU
		{468BE794-D91F-4871-B28C-A514896515AA}.Debug|Any CPU.Build.0 = Debug|Any CPU
		{468BE794-D91F-4871-B28C-A514896515AA}.Release|Any CPU.ActiveCfg = Release|Any CPU
		{468BE794-D91F-4871-B28C-A514896515AA}.Release|Any CPU.Build.0 = Release|Any CPU
	EndGlobalSection
	GlobalSection(SolutionProperties) = preSolution
		HideSolutionNode = FALSE
	EndGlobalSection
	GlobalSection(ExtensibilityGlobals) = postSolution
		SolutionGuid = {70199C01-4701-456C-9750-91D00231BE48}
	EndGlobalSection
EndGlobal
